
Microsoft Visual Studio Solution File, Format Version 12.00
# Visual Studio 14
VisualStudioVersion = 14.0.25420.1
MinimumVisualStudioVersion = 10.0.40219.1
Project("{2150E333-8FDC-42A3-9474-1A3956D46DE8}") = "src", "src", "{890F4255-15C2-48B7-A57E-A3AAD9C51B15}"
EndProject
Project("{2150E333-8FDC-42A3-9474-1A3956D46DE8}") = "Solution Items", "Solution Items", "{26506F8D-8D9F-4919-8BAA-BEB543738816}"
	ProjectSection(SolutionItems) = preProject
		global.json = global.json
	EndProjectSection
EndProject
Project("{8BB2217D-0F2D-49D1-97BC-3654ED321F3B}") = "SSD-Migrated", "src\SSD-Migrated\SSD-Migrated.xproj", "{DAB29D0A-C53D-407E-870D-9F41B50B0DAB}"
EndProject
Global
	GlobalSection(SolutionConfigurationPlatforms) = preSolution
		Debug|Any CPU = Debug|Any CPU
		Release|Any CPU = Release|Any CPU
	EndGlobalSection
	GlobalSection(ProjectConfigurationPlatforms) = postSolution
		{DAB29D0A-C53D-407E-870D-9F41B50B0DAB}.Debug|Any CPU.ActiveCfg = Debug|Any CPU
		{DAB29D0A-C53D-407E-870D-9F41B50B0DAB}.Debug|Any CPU.Build.0 = Debug|Any CPU
		{DAB29D0A-C53D-407E-870D-9F41B50B0DAB}.Release|Any CPU.ActiveCfg = Release|Any CPU
		{DAB29D0A-C53D-407E-870D-9F41B50B0DAB}.Release|Any CPU.Build.0 = Release|Any CPU
	EndGlobalSection
	GlobalSection(SolutionProperties) = preSolution
		HideSolutionNode = FALSE
	EndGlobalSection
	GlobalSection(NestedProjects) = preSolution
		{DAB29D0A-C53D-407E-870D-9F41B50B0DAB} = {890F4255-15C2-48B7-A57E-A3AAD9C51B15}
	EndGlobalSection
EndGlobal
