
Microsoft Visual Studio Solution File, Format Version 12.00
# Visual Studio 14
VisualStudioVersion = 14.0.25420.1
MinimumVisualStudioVersion = 10.0.40219.1
Project("{2150E333-8FDC-42A3-9474-1A3956D46DE8}") = "src", "src", "{BD50A49F-CBE6-4679-ADC0-97FDBC522AB2}"
EndProject
Project("{2150E333-8FDC-42A3-9474-1A3956D46DE8}") = "Solution Items", "Solution Items", "{88EFAAD7-0F12-4218-9065-F93CA400FB3E}"
	ProjectSection(SolutionItems) = preProject
		global.json = global.json
	EndProjectSection
EndProject
Project("{8BB2217D-0F2D-49D1-97BC-3654ED321F3B}") = "ConfiguringApps", "src\ConfiguringApps\ConfiguringApps.xproj", "{F0562AD7-6956-4A8D-A2CE-F63C0D49CE40}"
EndProject
Global
	GlobalSection(SolutionConfigurationPlatforms) = preSolution
		Debug|Any CPU = Debug|Any CPU
		Release|Any CPU = Release|Any CPU
	EndGlobalSection
	GlobalSection(ProjectConfigurationPlatforms) = postSolution
		{F0562AD7-6956-4A8D-A2CE-F63C0D49CE40}.Debug|Any CPU.ActiveCfg = Debug|Any CPU
		{F0562AD7-6956-4A8D-A2CE-F63C0D49CE40}.Debug|Any CPU.Build.0 = Debug|Any CPU
		{F0562AD7-6956-4A8D-A2CE-F63C0D49CE40}.Release|Any CPU.ActiveCfg = Release|Any CPU
		{F0562AD7-6956-4A8D-A2CE-F63C0D49CE40}.Release|Any CPU.Build.0 = Release|Any CPU
	EndGlobalSection
	GlobalSection(SolutionProperties) = preSolution
		HideSolutionNode = FALSE
	EndGlobalSection
	GlobalSection(NestedProjects) = preSolution
		{F0562AD7-6956-4A8D-A2CE-F63C0D49CE40} = {BD50A49F-CBE6-4679-ADC0-97FDBC522AB2}
	EndGlobalSection
EndGlobal
